<?xml version="1.0" encoding="utf-8"?>
<Project ToolsVersion="4.0" xmlns="http://schemas.microsoft.com/developer/msbuild/2003">
  <ItemGroup>
    <Filter Include="Source Files">
      <UniqueIdentifier>{4FC737F1-C7A5-4376-A066-2A32D752A2FF}</UniqueIdentifier>
      <Extensions>cpp;c;cc;cxx;c++;cppm;ixx;def;odl;idl;hpj;bat;asm;asmx</Extensions>
    </Filter>
    <Filter Include="Header Files">
      <UniqueIdentifier>{93995380-89BD-4b04-88EB-625FBE52EBFB}</UniqueIdentifier>
      <Extensions>h;hh;hpp;hxx;h++;hm;inl;inc;ipp;xsd</Extensions>
    </Filter>
    <Filter Include="Resource Files">
      <UniqueIdentifier>{67DA6AB6-F800-4c08-8B7A-83BB121AAD01}</UniqueIdentifier>
      <Extensions>rc;ico;cur;bmp;dlg;rc2;rct;bin;rgs;gif;jpg;jpeg;jpe;resx;tiff;tif;png;wav;mfcribbon-ms</Extensions>
    </Filter>
  </ItemGroup>
  <ItemGroup>
    <None Include="..\..\..\..\..\masm32\include\windows.inc">
      <Filter>Header Files</Filter>
    </None>
    <None Include="..\..\..\..\..\masm32\include\winextra.inc">
      <Filter>Header Files</Filter>
    </None>
    <None Include="..\..\..\..\..\masm32\include\winmm.inc">
      <Filter>Header Files</Filter>
    </None>
    <None Include="..\..\..\..\..\masm32\include\user32.inc">
      <Filter>Header Files</Filter>
    </None>
    <None Include="..\..\..\..\..\masm32\include\opengl32.inc">
      <Filter>Header Files</Filter>
    </None>
    <None Include="..\..\..\..\..\masm32\include\glu32.inc">
      <Filter>Header Files</Filter>
    </None>
    <None Include="..\..\..\..\..\masm32\include\glaux.inc">
      <Filter>Header Files</Filter>
    </None>
    <None Include="..\..\..\..\..\masm32\include\masm32rt.inc">
      <Filter>Header Files</Filter>
    </None>
    <None Include="..\..\..\..\..\masm32\macros\macros.asm">
      <Filter>Header Files</Filter>
    </None>
    <None Include="myStuff.inc">
      <Filter>Header Files</Filter>
    </None>
    <None Include="..\..\..\..\..\masm32\include\gdi32.inc">
      <Filter>Header Files</Filter>
    </None>
  </ItemGroup>
  <ItemGroup>
    <MASM Include="scene.asm">
      <Filter>Source Files</Filter>
    </MASM>
    <MASM Include="Fonts.asm">
      <Filter>Source Files</Filter>
    </MASM>
    <MASM Include="Diamond.asm">
      <Filter>Source Files</Filter>
    </MASM>
    <MASM Include="Pyramid.asm">
      <Filter>Source Files</Filter>
    </MASM>
    <MASM Include="Box.asm">
      <Filter>Source Files</Filter>
    </MASM>
    <MASM Include="Window.asm">
      <Filter>Source Files</Filter>
    </MASM>
  </ItemGroup>
  <ItemGroup>
    <Text Include="comments.txt" />
  </ItemGroup>
  <ItemGroup>
    <Media Include="RiseUp-tfr.wav">
      <Filter>Resource Files</Filter>
    </Media>
  </ItemGroup>
</Project>